
Microsoft Visual Studio Solution File, Format Version 12.00
# Visual Studio Version 16
VisualStudioVersion = 16.0.29123.88
MinimumVisualStudioVersion = 10.0.40219.1
Project("{FAE04EC0-301F-11D3-BF4B-00C04F79EFBC}") = "CodigosSala", "CodigosSala.csproj", "{B556BDED-24D4-45FF-A63B-18738FD3661D}"
EndProject
Global
	GlobalSection(SolutionConfigurationPlatforms) = preSolution
		Debug|Any CPU = Debug|Any CPU
		Release|Any CPU = Release|Any CPU
	EndGlobalSection
	GlobalSection(ProjectConfigurationPlatforms) = postSolution
		{B556BDED-24D4-45FF-A63B-18738FD3661D}.Debug|Any CPU.ActiveCfg = Debug|Any CPU
		{B556BDED-24D4-45FF-A63B-18738FD3661D}.Debug|Any CPU.Build.0 = Debug|Any CPU
		{B556BDED-24D4-45FF-A63B-18738FD3661D}.Release|Any CPU.ActiveCfg = Release|Any CPU
		{B556BDED-24D4-45FF-A63B-18738FD3661D}.Release|Any CPU.Build.0 = Release|Any CPU
	EndGlobalSection
	GlobalSection(SolutionProperties) = preSolution
		HideSolutionNode = FALSE
	EndGlobalSection
	GlobalSection(ExtensibilityGlobals) = postSolution
		SolutionGuid = {F855BB5C-3425-4B15-A7F0-98452F522729}
	EndGlobalSection
EndGlobal
